PODS:
  - MagicalRecord (2.3.2):
    - MagicalRecord/Core (= 2.3.2)
  - MagicalRecord/Core (2.3.2)

DEPENDENCIES:
  - MagicalRecord

SPEC REPOS:
  trunk:
    - MagicalRecord

SPEC CHECKSUMS:
  MagicalRecord: 53bed74b4323b930992a725be713e53b37d19755

PODFILE CHECKSUM: 5d2f7d07d16c1e45cae1d68d141bff30cfe0d046

COCOAPODS: 1.11.2
