// !$*UTF8*$!
{
	archiveVersion = 1;
	classes = {
	};
	objectVersion = 55;
	objects = {

/* Begin PBXBuildFile section */
		0401CB73276F53D80044223E /* AudioPlayerProtocol.swift in Sources */ = {isa = PBXBuildFile; fileRef = 0401CB72276F53D80044223E /* AudioPlayerProtocol.swift */; };
		0401CB75276F53F60044223E /* AudioPlayer.swift in Sources */ = {isa = PBXBuildFile; fileRef = 0401CB74276F53F60044223E /* AudioPlayer.swift */; };
		0401CB78276F65350044223E /* 007-011_2021.xcdatamodeld in Sources */ = {isa = PBXBuildFile; fileRef = 0401CB76276F65350044223E /* 007-011_2021.xcdatamodeld */; };
		0436314E2761001F00904C54 /* SearchTableViewController.swift in Sources */ = {isa = PBXBuildFile; fileRef = 0436314D2761001F00904C54 /* SearchTableViewController.swift */; };
		0497EAB42761F8A100CBDEF7 /* FavouritesViewController.swift in Sources */ = {isa = PBXBuildFile; fileRef = 0497EAB32761F8A100CBDEF7 /* FavouritesViewController.swift */; };
		0497EAB62761F90700CBDEF7 /* DetailedViewController.swift in Sources */ = {isa = PBXBuildFile; fileRef = 0497EAB52761F90700CBDEF7 /* DetailedViewController.swift */; };
		0497EABA2761FC9400CBDEF7 /* Onboarding.storyboard in Resources */ = {isa = PBXBuildFile; fileRef = 0497EAB92761FC9400CBDEF7 /* Onboarding.storyboard */; };
		0497EABD2762082600CBDEF7 /* WordTableCellData.swift in Sources */ = {isa = PBXBuildFile; fileRef = 0497EABC2762082600CBDEF7 /* WordTableCellData.swift */; };
		0497EAC0276208FE00CBDEF7 /* WordEntity.swift in Sources */ = {isa = PBXBuildFile; fileRef = 0497EABF276208FE00CBDEF7 /* WordEntity.swift */; };
		0497EAC6276209C000CBDEF7 /* OnboardingPageData.swift in Sources */ = {isa = PBXBuildFile; fileRef = 0497EAC5276209C000CBDEF7 /* OnboardingPageData.swift */; };
		0497EAC8276209FA00CBDEF7 /* PhoneticEntity.swift in Sources */ = {isa = PBXBuildFile; fileRef = 0497EAC7276209FA00CBDEF7 /* PhoneticEntity.swift */; };
		0497EACE27620AB300CBDEF7 /* MeaningEntity.swift in Sources */ = {isa = PBXBuildFile; fileRef = 0497EACD27620AB300CBDEF7 /* MeaningEntity.swift */; };
		0497EAD027620AD100CBDEF7 /* DefinitionEntity.swift in Sources */ = {isa = PBXBuildFile; fileRef = 0497EACF27620AD100CBDEF7 /* DefinitionEntity.swift */; };
		0497EAD227620DCC00CBDEF7 /* WordTableViewCell.xib in Resources */ = {isa = PBXBuildFile; fileRef = 0497EAD127620DCC00CBDEF7 /* WordTableViewCell.xib */; };
		0497EAD427620E9300CBDEF7 /* OnboardingViewController.swift in Sources */ = {isa = PBXBuildFile; fileRef = 0497EAD327620E9300CBDEF7 /* OnboardingViewController.swift */; };
		0497EAD627620FF000CBDEF7 /* OnboardingPageViewController.swift in Sources */ = {isa = PBXBuildFile; fileRef = 0497EAD527620FF000CBDEF7 /* OnboardingPageViewController.swift */; };
		0497EAD8276211C900CBDEF7 /* WordTableViewCell.swift in Sources */ = {isa = PBXBuildFile; fileRef = 0497EAD7276211C900CBDEF7 /* WordTableViewCell.swift */; };
		0497EADA2762130100CBDEF7 /* SavedWordsModel.swift in Sources */ = {isa = PBXBuildFile; fileRef = 0497EAD92762130100CBDEF7 /* SavedWordsModel.swift */; };
		0497EADC2762135400CBDEF7 /* WordServicesInteractor.swift in Sources */ = {isa = PBXBuildFile; fileRef = 0497EADB2762135400CBDEF7 /* WordServicesInteractor.swift */; };
		0497EADE2762139A00CBDEF7 /* PersistableService.swift in Sources */ = {isa = PBXBuildFile; fileRef = 0497EADD2762139A00CBDEF7 /* PersistableService.swift */; };
		0497EAE02762148400CBDEF7 /* NetworkService.swift in Sources */ = {isa = PBXBuildFile; fileRef = 0497EADF2762148400CBDEF7 /* NetworkService.swift */; };
		0497EAE42762167300CBDEF7 /* WordModels.swift in Sources */ = {isa = PBXBuildFile; fileRef = 0497EAE32762167300CBDEF7 /* WordModels.swift */; };
		0497EAE927621D4000CBDEF7 /* SearchVCDelegate.swift in Sources */ = {isa = PBXBuildFile; fileRef = 0497EAE827621D4000CBDEF7 /* SearchVCDelegate.swift */; };
		0497EAEF276229EE00CBDEF7 /* OnboardingSlide.swift in Sources */ = {isa = PBXBuildFile; fileRef = 0497EAEE276229EE00CBDEF7 /* OnboardingSlide.swift */; };
		0497EAF127622A0C00CBDEF7 /* OnboardingModel.swift in Sources */ = {isa = PBXBuildFile; fileRef = 0497EAF027622A0C00CBDEF7 /* OnboardingModel.swift */; };
		0497EAF327622AB100CBDEF7 /* OnboardingUDKeyValues.swift in Sources */ = {isa = PBXBuildFile; fileRef = 0497EAF227622AB100CBDEF7 /* OnboardingUDKeyValues.swift */; };
		0497EAF527622B2600CBDEF7 /* SearchWordsModel.swift in Sources */ = {isa = PBXBuildFile; fileRef = 0497EAF427622B2600CBDEF7 /* SearchWordsModel.swift */; };
		0497EAF727622B6B00CBDEF7 /* OnboardingCollectionViewCell.swift in Sources */ = {isa = PBXBuildFile; fileRef = 0497EAF627622B6B00CBDEF7 /* OnboardingCollectionViewCell.swift */; };
		28AF17E73F521A7633C5CC67 /* Pods_007_011_2021.framework in Frameworks */ = {isa = PBXBuildFile; fileRef = F4D7BD2B479ECF48E5849E42 /* Pods_007_011_2021.framework */; };
		4DA9A26C2748EFFF00070A45 /* AppDelegate.swift in Sources */ = {isa = PBXBuildFile; fileRef = 4DA9A26B2748EFFF00070A45 /* AppDelegate.swift */; };
		4DA9A26E2748EFFF00070A45 /* SceneDelegate.swift in Sources */ = {isa = PBXBuildFile; fileRef = 4DA9A26D2748EFFF00070A45 /* SceneDelegate.swift */; };
		4DA9A2732748EFFF00070A45 /* Main.storyboard in Resources */ = {isa = PBXBuildFile; fileRef = 4DA9A2712748EFFF00070A45 /* Main.storyboard */; };
		4DA9A2752748F00100070A45 /* Assets.xcassets in Resources */ = {isa = PBXBuildFile; fileRef = 4DA9A2742748F00100070A45 /* Assets.xcassets */; };
		4DA9A2782748F00100070A45 /* LaunchScreen.storyboard in Resources */ = {isa = PBXBuildFile; fileRef = 4DA9A2762748F00100070A45 /* LaunchScreen.storyboard */; };
/* End PBXBuildFile section */

/* Begin PBXFileReference section */
		0401CB72276F53D80044223E /* AudioPlayerProtocol.swift */ = {isa = PBXFileReference; lastKnownFileType = sourcecode.swift; path = AudioPlayerProtocol.swift; sourceTree = "<group>"; };
		0401CB74276F53F60044223E /* AudioPlayer.swift */ = {isa = PBXFileReference; lastKnownFileType = sourcecode.swift; path = AudioPlayer.swift; sourceTree = "<group>"; };
		0401CB77276F65350044223E /* 007-011_2021.xcdatamodel */ = {isa = PBXFileReference; lastKnownFileType = wrapper.xcdatamodel; path = "007-011_2021.xcdatamodel"; sourceTree = "<group>"; };
		0436314D2761001F00904C54 /* SearchTableViewController.swift */ = {isa = PBXFileReference; lastKnownFileType = sourcecode.swift; path = SearchTableViewController.swift; sourceTree = "<group>"; };
		0497EAB32761F8A100CBDEF7 /* FavouritesViewController.swift */ = {isa = PBXFileReference; lastKnownFileType = sourcecode.swift; path = FavouritesViewController.swift; sourceTree = "<group>"; };
		0497EAB52761F90700CBDEF7 /* DetailedViewController.swift */ = {isa = PBXFileReference; lastKnownFileType = sourcecode.swift; path = DetailedViewController.swift; sourceTree = "<group>"; };
		0497EAB92761FC9400CBDEF7 /* Onboarding.storyboard */ = {isa = PBXFileReference; lastKnownFileType = file.storyboard; path = Onboarding.storyboard; sourceTree = "<group>"; };
		0497EABC2762082600CBDEF7 /* WordTableCellData.swift */ = {isa = PBXFileReference; lastKnownFileType = sourcecode.swift; path = WordTableCellData.swift; sourceTree = "<group>"; };
		0497EABF276208FE00CBDEF7 /* WordEntity.swift */ = {isa = PBXFileReference; lastKnownFileType = sourcecode.swift; path = WordEntity.swift; sourceTree = "<group>"; };
		0497EAC5276209C000CBDEF7 /* OnboardingPageData.swift */ = {isa = PBXFileReference; lastKnownFileType = sourcecode.swift; path = OnboardingPageData.swift; sourceTree = "<group>"; };
		0497EAC7276209FA00CBDEF7 /* PhoneticEntity.swift */ = {isa = PBXFileReference; lastKnownFileType = sourcecode.swift; path = PhoneticEntity.swift; sourceTree = "<group>"; };
		0497EACD27620AB300CBDEF7 /* MeaningEntity.swift */ = {isa = PBXFileReference; lastKnownFileType = sourcecode.swift; path = MeaningEntity.swift; sourceTree = "<group>"; };
		0497EACF27620AD100CBDEF7 /* DefinitionEntity.swift */ = {isa = PBXFileReference; lastKnownFileType = sourcecode.swift; path = DefinitionEntity.swift; sourceTree = "<group>"; };
		0497EAD127620DCC00CBDEF7 /* WordTableViewCell.xib */ = {isa = PBXFileReference; lastKnownFileType = file.xib; path = WordTableViewCell.xib; sourceTree = "<group>"; };
		0497EAD327620E9300CBDEF7 /* OnboardingViewController.swift */ = {isa = PBXFileReference; lastKnownFileType = sourcecode.swift; path = OnboardingViewController.swift; sourceTree = "<group>"; };
		0497EAD527620FF000CBDEF7 /* OnboardingPageViewController.swift */ = {isa = PBXFileReference; lastKnownFileType = sourcecode.swift; path = OnboardingPageViewController.swift; sourceTree = "<group>"; };
		0497EAD7276211C900CBDEF7 /* WordTableViewCell.swift */ = {isa = PBXFileReference; lastKnownFileType = sourcecode.swift; path = WordTableViewCell.swift; sourceTree = "<group>"; };
		0497EAD92762130100CBDEF7 /* SavedWordsModel.swift */ = {isa = PBXFileReference; lastKnownFileType = sourcecode.swift; path = SavedWordsModel.swift; sourceTree = "<group>"; };
		0497EADB2762135400CBDEF7 /* WordServicesInteractor.swift */ = {isa = PBXFileReference; lastKnownFileType = sourcecode.swift; path = WordServicesInteractor.swift; sourceTree = "<group>"; };
		0497EADD2762139A00CBDEF7 /* PersistableService.swift */ = {isa = PBXFileReference; lastKnownFileType = sourcecode.swift; path = PersistableService.swift; sourceTree = "<group>"; };
		0497EADF2762148400CBDEF7 /* NetworkService.swift */ = {isa = PBXFileReference; lastKnownFileType = sourcecode.swift; path = NetworkService.swift; sourceTree = "<group>"; };
		0497EAE32762167300CBDEF7 /* WordModels.swift */ = {isa = PBXFileReference; lastKnownFileType = sourcecode.swift; path = WordModels.swift; sourceTree = "<group>"; };
		0497EAE827621D4000CBDEF7 /* SearchVCDelegate.swift */ = {isa = PBXFileReference; lastKnownFileType = sourcecode.swift; path = SearchVCDelegate.swift; sourceTree = "<group>"; };
		0497EAEE276229EE00CBDEF7 /* OnboardingSlide.swift */ = {isa = PBXFileReference; lastKnownFileType = sourcecode.swift; path = OnboardingSlide.swift; sourceTree = "<group>"; };
		0497EAF027622A0C00CBDEF7 /* OnboardingModel.swift */ = {isa = PBXFileReference; lastKnownFileType = sourcecode.swift; path = OnboardingModel.swift; sourceTree = "<group>"; };
		0497EAF227622AB100CBDEF7 /* OnboardingUDKeyValues.swift */ = {isa = PBXFileReference; lastKnownFileType = sourcecode.swift; path = OnboardingUDKeyValues.swift; sourceTree = "<group>"; };
		0497EAF427622B2600CBDEF7 /* SearchWordsModel.swift */ = {isa = PBXFileReference; lastKnownFileType = sourcecode.swift; path = SearchWordsModel.swift; sourceTree = "<group>"; };
		0497EAF627622B6B00CBDEF7 /* OnboardingCollectionViewCell.swift */ = {isa = PBXFileReference; lastKnownFileType = sourcecode.swift; path = OnboardingCollectionViewCell.swift; sourceTree = "<group>"; };
		395C18DD252AC5FFE5A3E8AD /* Pods-007-011_2021.debug.xcconfig */ = {isa = PBXFileReference; includeInIndex = 1; lastKnownFileType = text.xcconfig; name = "Pods-007-011_2021.debug.xcconfig"; path = "Target Support Files/Pods-007-011_2021/Pods-007-011_2021.debug.xcconfig"; sourceTree = "<group>"; };
		4DA9A2682748EFFF00070A45 /* 007-011_2021.app */ = {isa = PBXFileReference; explicitFileType = wrapper.application; includeInIndex = 0; path = "007-011_2021.app"; sourceTree = BUILT_PRODUCTS_DIR; };
		4DA9A26B2748EFFF00070A45 /* AppDelegate.swift */ = {isa = PBXFileReference; lastKnownFileType = sourcecode.swift; path = AppDelegate.swift; sourceTree = "<group>"; };
		4DA9A26D2748EFFF00070A45 /* SceneDelegate.swift */ = {isa = PBXFileReference; lastKnownFileType = sourcecode.swift; path = SceneDelegate.swift; sourceTree = "<group>"; };
		4DA9A2722748EFFF00070A45 /* Base */ = {isa = PBXFileReference; lastKnownFileType = file.storyboard; name = Base; path = Base.lproj/Main.storyboard; sourceTree = "<group>"; };
		4DA9A2742748F00100070A45 /* Assets.xcassets */ = {isa = PBXFileReference; lastKnownFileType = folder.assetcatalog; path = Assets.xcassets; sourceTree = "<group>"; };
		4DA9A2772748F00100070A45 /* Base */ = {isa = PBXFileReference; lastKnownFileType = file.storyboard; name = Base; path = Base.lproj/LaunchScreen.storyboard; sourceTree = "<group>"; };
		4DA9A2792748F00100070A45 /* Info.plist */ = {isa = PBXFileReference; lastKnownFileType = text.plist.xml; path = Info.plist; sourceTree = "<group>"; };
		B4D954E6DDC14FB14FF58A21 /* Pods-007-011_2021.release.xcconfig */ = {isa = PBXFileReference; includeInIndex = 1; lastKnownFileType = text.xcconfig; name = "Pods-007-011_2021.release.xcconfig"; path = "Target Support Files/Pods-007-011_2021/Pods-007-011_2021.release.xcconfig"; sourceTree = "<group>"; };
		F4D7BD2B479ECF48E5849E42 /* Pods_007_011_2021.framework */ = {isa = PBXFileReference; explicitFileType = wrapper.framework; includeInIndex = 0; path = Pods_007_011_2021.framework; sourceTree = BUILT_PRODUCTS_DIR; };
/* End PBXFileReference section */

/* Begin PBXFrameworksBuildPhase section */
		4DA9A2652748EFFF00070A45 /* Frameworks */ = {
			isa = PBXFrameworksBuildPhase;
			buildActionMask = 2147483647;
			files = (
				28AF17E73F521A7633C5CC67 /* Pods_007_011_2021.framework in Frameworks */,
			);
			runOnlyForDeploymentPostprocessing = 0;
		};
/* End PBXFrameworksBuildPhase section */

/* Begin PBXGroup section */
		0401CB7C276FA89F0044223E /* Protocols */ = {
			isa = PBXGroup;
			children = (
				0401CB72276F53D80044223E /* AudioPlayerProtocol.swift */,
			);
			path = Protocols;
			sourceTree = "<group>";
		};
		0436314C2761000100904C54 /* ViewControllers */ = {
			isa = PBXGroup;
			children = (
				0497EAE727621D2A00CBDEF7 /* Delegates */,
				0436314D2761001F00904C54 /* SearchTableViewController.swift */,
				0497EAB32761F8A100CBDEF7 /* FavouritesViewController.swift */,
				0497EAB52761F90700CBDEF7 /* DetailedViewController.swift */,
				0497EAD327620E9300CBDEF7 /* OnboardingViewController.swift */,
				0497EAD527620FF000CBDEF7 /* OnboardingPageViewController.swift */,
			);
			path = ViewControllers;
			sourceTree = "<group>";
		};
		043631512761008F00904C54 /* Services */ = {
			isa = PBXGroup;
			children = (
				0401CB7C276FA89F0044223E /* Protocols */,
				4DA9A26B2748EFFF00070A45 /* AppDelegate.swift */,
				4DA9A26D2748EFFF00070A45 /* SceneDelegate.swift */,
				0497EADB2762135400CBDEF7 /* WordServicesInteractor.swift */,
				0497EADD2762139A00CBDEF7 /* PersistableService.swift */,
				0497EADF2762148400CBDEF7 /* NetworkService.swift */,
				0401CB74276F53F60044223E /* AudioPlayer.swift */,
			);
			path = Services;
			sourceTree = "<group>";
		};
		0497EAB72761F9B600CBDEF7 /* Views */ = {
			isa = PBXGroup;
			children = (
				4DA9A2712748EFFF00070A45 /* Main.storyboard */,
				0497EAB92761FC9400CBDEF7 /* Onboarding.storyboard */,
				0497EAD127620DCC00CBDEF7 /* WordTableViewCell.xib */,
				0497EAD7276211C900CBDEF7 /* WordTableViewCell.swift */,
			);
			path = Views;
			sourceTree = "<group>";
		};
		0497EAB82761F9CA00CBDEF7 /* Resources */ = {
			isa = PBXGroup;
			children = (
				4DA9A2742748F00100070A45 /* Assets.xcassets */,
				4DA9A2762748F00100070A45 /* LaunchScreen.storyboard */,
			);
			path = Resources;
			sourceTree = "<group>";
		};
		0497EABB276207AD00CBDEF7 /* Model */ = {
			isa = PBXGroup;
			children = (
				0497EABE276208B800CBDEF7 /* CoreDataEntities */,
				0497EABC2762082600CBDEF7 /* WordTableCellData.swift */,
				0497EAC5276209C000CBDEF7 /* OnboardingPageData.swift */,
				0497EAD92762130100CBDEF7 /* SavedWordsModel.swift */,
				0497EAE32762167300CBDEF7 /* WordModels.swift */,
				0497EAEE276229EE00CBDEF7 /* OnboardingSlide.swift */,
				0497EAF027622A0C00CBDEF7 /* OnboardingModel.swift */,
				0497EAF227622AB100CBDEF7 /* OnboardingUDKeyValues.swift */,
				0497EAF427622B2600CBDEF7 /* SearchWordsModel.swift */,
				0497EAF627622B6B00CBDEF7 /* OnboardingCollectionViewCell.swift */,
			);
			path = Model;
			sourceTree = "<group>";
		};
		0497EABE276208B800CBDEF7 /* CoreDataEntities */ = {
			isa = PBXGroup;
			children = (
				0497EABF276208FE00CBDEF7 /* WordEntity.swift */,
				0497EAC7276209FA00CBDEF7 /* PhoneticEntity.swift */,
				0497EACD27620AB300CBDEF7 /* MeaningEntity.swift */,
				0497EACF27620AD100CBDEF7 /* DefinitionEntity.swift */,
			);
			path = CoreDataEntities;
			sourceTree = "<group>";
		};
		0497EAE727621D2A00CBDEF7 /* Delegates */ = {
			isa = PBXGroup;
			children = (
				0497EAE827621D4000CBDEF7 /* SearchVCDelegate.swift */,
			);
			path = Delegates;
			sourceTree = "<group>";
		};
		398B6B6E4CD1D37A1A827999 /* Pods */ = {
			isa = PBXGroup;
			children = (
				395C18DD252AC5FFE5A3E8AD /* Pods-007-011_2021.debug.xcconfig */,
				B4D954E6DDC14FB14FF58A21 /* Pods-007-011_2021.release.xcconfig */,
			);
			path = Pods;
			sourceTree = "<group>";
		};
		4DA9A25F2748EFFF00070A45 = {
			isa = PBXGroup;
			children = (
				4DA9A26A2748EFFF00070A45 /* 007-011_2021 */,
				4DA9A2692748EFFF00070A45 /* Products */,
				398B6B6E4CD1D37A1A827999 /* Pods */,
				5A0E481C541DDD45A1C111C0 /* Frameworks */,
			);
			sourceTree = "<group>";
		};
		4DA9A2692748EFFF00070A45 /* Products */ = {
			isa = PBXGroup;
			children = (
				4DA9A2682748EFFF00070A45 /* 007-011_2021.app */,
			);
			name = Products;
			sourceTree = "<group>";
		};
		4DA9A26A2748EFFF00070A45 /* 007-011_2021 */ = {
			isa = PBXGroup;
			children = (
				0401CB76276F65350044223E /* 007-011_2021.xcdatamodeld */,
				4DA9A2792748F00100070A45 /* Info.plist */,
				043631512761008F00904C54 /* Services */,
				0497EABB276207AD00CBDEF7 /* Model */,
				0497EAB82761F9CA00CBDEF7 /* Resources */,
				0497EAB72761F9B600CBDEF7 /* Views */,
				0436314C2761000100904C54 /* ViewControllers */,
			);
			path = "007-011_2021";
			sourceTree = "<group>";
		};
		5A0E481C541DDD45A1C111C0 /* Frameworks */ = {
			isa = PBXGroup;
			children = (
				F4D7BD2B479ECF48E5849E42 /* Pods_007_011_2021.framework */,
			);
			name = Frameworks;
			sourceTree = "<group>";
		};
/* End PBXGroup section */

/* Begin PBXNativeTarget section */
		4DA9A2672748EFFF00070A45 /* 007-011_2021 */ = {
			isa = PBXNativeTarget;
			buildConfigurationList = 4DA9A27C2748F00100070A45 /* Build configuration list for PBXNativeTarget "007-011_2021" */;
			buildPhases = (
				5D7C88F4F2300BBF8C34F967 /* [CP] Check Pods Manifest.lock */,
				4DA9A2642748EFFF00070A45 /* Sources */,
				4DA9A2652748EFFF00070A45 /* Frameworks */,
				4DA9A2662748EFFF00070A45 /* Resources */,
				1113D6C8B335195CE264BAA7 /* [CP] Embed Pods Frameworks */,
			);
			buildRules = (
			);
			dependencies = (
			);
			name = "007-011_2021";
			productName = "007-011_2021";
			productReference = 4DA9A2682748EFFF00070A45 /* 007-011_2021.app */;
			productType = "com.apple.product-type.application";
		};
/* End PBXNativeTarget section */

/* Begin PBXProject section */
		4DA9A2602748EFFF00070A45 /* Project object */ = {
			isa = PBXProject;
			attributes = {
				BuildIndependentTargetsInParallel = 1;
				LastSwiftUpdateCheck = 1310;
				LastUpgradeCheck = 1310;
				TargetAttributes = {
					4DA9A2672748EFFF00070A45 = {
						CreatedOnToolsVersion = 13.1;
					};
				};
			};
			buildConfigurationList = 4DA9A2632748EFFF00070A45 /* Build configuration list for PBXProject "007-011_2021" */;
			compatibilityVersion = "Xcode 13.0";
			developmentRegion = en;
			hasScannedForEncodings = 0;
			knownRegions = (
				en,
				Base,
			);
			mainGroup = 4DA9A25F2748EFFF00070A45;
			productRefGroup = 4DA9A2692748EFFF00070A45 /* Products */;
			projectDirPath = "";
			projectRoot = "";
			targets = (
				4DA9A2672748EFFF00070A45 /* 007-011_2021 */,
			);
		};
/* End PBXProject section */

/* Begin PBXResourcesBuildPhase section */
		4DA9A2662748EFFF00070A45 /* Resources */ = {
			isa = PBXResourcesBuildPhase;
			buildActionMask = 2147483647;
			files = (
				4DA9A2782748F00100070A45 /* LaunchScreen.storyboard in Resources */,
				4DA9A2752748F00100070A45 /* Assets.xcassets in Resources */,
				4DA9A2732748EFFF00070A45 /* Main.storyboard in Resources */,
				0497EABA2761FC9400CBDEF7 /* Onboarding.storyboard in Resources */,
				0497EAD227620DCC00CBDEF7 /* WordTableViewCell.xib in Resources */,
			);
			runOnlyForDeploymentPostprocessing = 0;
		};
/* End PBXResourcesBuildPhase section */

/* Begin PBXShellScriptBuildPhase section */
		1113D6C8B335195CE264BAA7 /* [CP] Embed Pods Frameworks */ = {
			isa = PBXShellScriptBuildPhase;
			buildActionMask = 2147483647;
			files = (
			);
			inputFileListPaths = (
				"${PODS_ROOT}/Target Support Files/Pods-007-011_2021/Pods-007-011_2021-frameworks-${CONFIGURATION}-input-files.xcfilelist",
			);
			name = "[CP] Embed Pods Frameworks";
			outputFileListPaths = (
				"${PODS_ROOT}/Target Support Files/Pods-007-011_2021/Pods-007-011_2021-frameworks-${CONFIGURATION}-output-files.xcfilelist",
			);
			runOnlyForDeploymentPostprocessing = 0;
			shellPath = /bin/sh;
			shellScript = "\"${PODS_ROOT}/Target Support Files/Pods-007-011_2021/Pods-007-011_2021-frameworks.sh\"\n";
			showEnvVarsInLog = 0;
		};
		5D7C88F4F2300BBF8C34F967 /* [CP] Check Pods Manifest.lock */ = {
			isa = PBXShellScriptBuildPhase;
			buildActionMask = 2147483647;
			files = (
			);
			inputFileListPaths = (
			);
			inputPaths = (
				"${PODS_PODFILE_DIR_PATH}/Podfile.lock",
				"${PODS_ROOT}/Manifest.lock",
			);
			name = "[CP] Check Pods Manifest.lock";
			outputFileListPaths = (
			);
			outputPaths = (
				"$(DERIVED_FILE_DIR)/Pods-007-011_2021-checkManifestLockResult.txt",
			);
			runOnlyForDeploymentPostprocessing = 0;
			shellPath = /bin/sh;
			shellScript = "diff \"${PODS_PODFILE_DIR_PATH}/Podfile.lock\" \"${PODS_ROOT}/Manifest.lock\" > /dev/null\nif [ $? != 0 ] ; then\n    # print error to STDERR\n    echo \"error: The sandbox is not in sync with the Podfile.lock. Run 'pod install' or update your CocoaPods installation.\" >&2\n    exit 1\nfi\n# This output is used by Xcode 'outputs' to avoid re-running this script phase.\necho \"SUCCESS\" > \"${SCRIPT_OUTPUT_FILE_0}\"\n";
			showEnvVarsInLog = 0;
		};
/* End PBXShellScriptBuildPhase section */

/* Begin PBXSourcesBuildPhase section */
		4DA9A2642748EFFF00070A45 /* Sources */ = {
			isa = PBXSourcesBuildPhase;
			buildActionMask = 2147483647;
			files = (
				0497EABD2762082600CBDEF7 /* WordTableCellData.swift in Sources */,
				0497EAD027620AD100CBDEF7 /* DefinitionEntity.swift in Sources */,
				0497EAE927621D4000CBDEF7 /* SearchVCDelegate.swift in Sources */,
				4DA9A26C2748EFFF00070A45 /* AppDelegate.swift in Sources */,
				0497EAF527622B2600CBDEF7 /* SearchWordsModel.swift in Sources */,
				0497EAEF276229EE00CBDEF7 /* OnboardingSlide.swift in Sources */,
				0436314E2761001F00904C54 /* SearchTableViewController.swift in Sources */,
				0497EAD427620E9300CBDEF7 /* OnboardingViewController.swift in Sources */,
				0497EAC0276208FE00CBDEF7 /* WordEntity.swift in Sources */,
				0401CB73276F53D80044223E /* AudioPlayerProtocol.swift in Sources */,
				0497EAC6276209C000CBDEF7 /* OnboardingPageData.swift in Sources */,
				0497EAB62761F90700CBDEF7 /* DetailedViewController.swift in Sources */,
				0497EAB42761F8A100CBDEF7 /* FavouritesViewController.swift in Sources */,
				0497EAD8276211C900CBDEF7 /* WordTableViewCell.swift in Sources */,
				0497EADC2762135400CBDEF7 /* WordServicesInteractor.swift in Sources */,
				0401CB75276F53F60044223E /* AudioPlayer.swift in Sources */,
				0401CB78276F65350044223E /* 007-011_2021.xcdatamodeld in Sources */,
				0497EAD627620FF000CBDEF7 /* OnboardingPageViewController.swift in Sources */,
				4DA9A26E2748EFFF00070A45 /* SceneDelegate.swift in Sources */,
				0497EAF727622B6B00CBDEF7 /* OnboardingCollectionViewCell.swift in Sources */,
				0497EAC8276209FA00CBDEF7 /* PhoneticEntity.swift in Sources */,
				0497EACE27620AB300CBDEF7 /* MeaningEntity.swift in Sources */,
				0497EAE42762167300CBDEF7 /* WordModels.swift in Sources */,
				0497EAF127622A0C00CBDEF7 /* OnboardingModel.swift in Sources */,
				0497EAE02762148400CBDEF7 /* NetworkService.swift in Sources */,
				0497EAF327622AB100CBDEF7 /* OnboardingUDKeyValues.swift in Sources */,
				0497EADE2762139A00CBDEF7 /* PersistableService.swift in Sources */,
				0497EADA2762130100CBDEF7 /* SavedWordsModel.swift in Sources */,
			);
			runOnlyForDeploymentPostprocessing = 0;
		};
/* End PBXSourcesBuildPhase section */

/* Begin PBXVariantGroup section */
		4DA9A2712748EFFF00070A45 /* Main.storyboard */ = {
			isa = PBXVariantGroup;
			children = (
				4DA9A2722748EFFF00070A45 /* Base */,
			);
			name = Main.storyboard;
			sourceTree = "<group>";
		};
		4DA9A2762748F00100070A45 /* LaunchScreen.storyboard */ = {
			isa = PBXVariantGroup;
			children = (
				4DA9A2772748F00100070A45 /* Base */,
			);
			name = LaunchScreen.storyboard;
			sourceTree = "<group>";
		};
/* End PBXVariantGroup section */

/* Begin XCBuildConfiguration section */
		4DA9A27A2748F00100070A45 /* Debug */ = {
			isa = XCBuildConfiguration;
			buildSettings = {
				ALWAYS_SEARCH_USER_PATHS = NO;
				CLANG_ANALYZER_NONNULL = YES;
				CLANG_ANALYZER_NUMBER_OBJECT_CONVERSION = YES_AGGRESSIVE;
				CLANG_CXX_LANGUAGE_STANDARD = "gnu++17";
				CLANG_CXX_LIBRARY = "libc++";
				CLANG_ENABLE_MODULES = YES;
				CLANG_ENABLE_OBJC_ARC = YES;
				CLANG_ENABLE_OBJC_WEAK = YES;
				CLANG_WARN_BLOCK_CAPTURE_AUTORELEASING = YES;
				CLANG_WARN_BOOL_CONVERSION = YES;
				CLANG_WARN_COMMA = YES;
				CLANG_WARN_CONSTANT_CONVERSION = YES;
				CLANG_WARN_DEPRECATED_OBJC_IMPLEMENTATIONS = YES;
				CLANG_WARN_DIRECT_OBJC_ISA_USAGE = YES_ERROR;
				CLANG_WARN_DOCUMENTATION_COMMENTS = YES;
				CLANG_WARN_EMPTY_BODY = YES;
				CLANG_WARN_ENUM_CONVERSION = YES;
				CLANG_WARN_INFINITE_RECURSION = YES;
				CLANG_WARN_INT_CONVERSION = YES;
				CLANG_WARN_NON_LITERAL_NULL_CONVERSION = YES;
				CLANG_WARN_OBJC_IMPLICIT_RETAIN_SELF = YES;
				CLANG_WARN_OBJC_LITERAL_CONVERSION = YES;
				CLANG_WARN_OBJC_ROOT_CLASS = YES_ERROR;
				CLANG_WARN_QUOTED_INCLUDE_IN_FRAMEWORK_HEADER = YES;
				CLANG_WARN_RANGE_LOOP_ANALYSIS = YES;
				CLANG_WARN_STRICT_PROTOTYPES = YES;
				CLANG_WARN_SUSPICIOUS_MOVE = YES;
				CLANG_WARN_UNGUARDED_AVAILABILITY = YES_AGGRESSIVE;
				CLANG_WARN_UNREACHABLE_CODE = YES;
				CLANG_WARN__DUPLICATE_METHOD_MATCH = YES;
				COPY_PHASE_STRIP = NO;
				DEBUG_INFORMATION_FORMAT = dwarf;
				ENABLE_STRICT_OBJC_MSGSEND = YES;
				ENABLE_TESTABILITY = YES;
				GCC_C_LANGUAGE_STANDARD = gnu11;
				GCC_DYNAMIC_NO_PIC = NO;
				GCC_NO_COMMON_BLOCKS = YES;
				GCC_OPTIMIZATION_LEVEL = 0;
				GCC_PREPROCESSOR_DEFINITIONS = (
					"DEBUG=1",
					"$(inherited)",
				);
				GCC_WARN_64_TO_32_BIT_CONVERSION = YES;
				GCC_WARN_ABOUT_RETURN_TYPE = YES_ERROR;
				GCC_WARN_UNDECLARED_SELECTOR = YES;
				GCC_WARN_UNINITIALIZED_AUTOS = YES_AGGRESSIVE;
				GCC_WARN_UNUSED_FUNCTION = YES;
				GCC_WARN_UNUSED_VARIABLE = YES;
				IPHONEOS_DEPLOYMENT_TARGET = 15.0;
				MTL_ENABLE_DEBUG_INFO = INCLUDE_SOURCE;
				MTL_FAST_MATH = YES;
				ONLY_ACTIVE_ARCH = YES;
				SDKROOT = iphoneos;
				SWIFT_ACTIVE_COMPILATION_CONDITIONS = DEBUG;
				SWIFT_OPTIMIZATION_LEVEL = "-Onone";
			};
			name = Debug;
		};
		4DA9A27B2748F00100070A45 /* Release */ = {
			isa = XCBuildConfiguration;
			buildSettings = {
				ALWAYS_SEARCH_USER_PATHS = NO;
				CLANG_ANALYZER_NONNULL = YES;
				CLANG_ANALYZER_NUMBER_OBJECT_CONVERSION = YES_AGGRESSIVE;
				CLANG_CXX_LANGUAGE_STANDARD = "gnu++17";
				CLANG_CXX_LIBRARY = "libc++";
				CLANG_ENABLE_MODULES = YES;
				CLANG_ENABLE_OBJC_ARC = YES;
				CLANG_ENABLE_OBJC_WEAK = YES;
				CLANG_WARN_BLOCK_CAPTURE_AUTORELEASING = YES;
				CLANG_WARN_BOOL_CONVERSION = YES;
				CLANG_WARN_COMMA = YES;
				CLANG_WARN_CONSTANT_CONVERSION = YES;
				CLANG_WARN_DEPRECATED_OBJC_IMPLEMENTATIONS = YES;
				CLANG_WARN_DIRECT_OBJC_ISA_USAGE = YES_ERROR;
				CLANG_WARN_DOCUMENTATION_COMMENTS = YES;
				CLANG_WARN_EMPTY_BODY = YES;
				CLANG_WARN_ENUM_CONVERSION = YES;
				CLANG_WARN_INFINITE_RECURSION = YES;
				CLANG_WARN_INT_CONVERSION = YES;
				CLANG_WARN_NON_LITERAL_NULL_CONVERSION = YES;
				CLANG_WARN_OBJC_IMPLICIT_RETAIN_SELF = YES;
				CLANG_WARN_OBJC_LITERAL_CONVERSION = YES;
				CLANG_WARN_OBJC_ROOT_CLASS = YES_ERROR;
				CLANG_WARN_QUOTED_INCLUDE_IN_FRAMEWORK_HEADER = YES;
				CLANG_WARN_RANGE_LOOP_ANALYSIS = YES;
				CLANG_WARN_STRICT_PROTOTYPES = YES;
				CLANG_WARN_SUSPICIOUS_MOVE = YES;
				CLANG_WARN_UNGUARDED_AVAILABILITY = YES_AGGRESSIVE;
				CLANG_WARN_UNREACHABLE_CODE = YES;
				CLANG_WARN__DUPLICATE_METHOD_MATCH = YES;
				COPY_PHASE_STRIP = NO;
				DEBUG_INFORMATION_FORMAT = "dwarf-with-dsym";
				ENABLE_NS_ASSERTIONS = NO;
				ENABLE_STRICT_OBJC_MSGSEND = YES;
				GCC_C_LANGUAGE_STANDARD = gnu11;
				GCC_NO_COMMON_BLOCKS = YES;
				GCC_WARN_64_TO_32_BIT_CONVERSION = YES;
				GCC_WARN_ABOUT_RETURN_TYPE = YES_ERROR;
				GCC_WARN_UNDECLARED_SELECTOR = YES;
				GCC_WARN_UNINITIALIZED_AUTOS = YES_AGGRESSIVE;
				GCC_WARN_UNUSED_FUNCTION = YES;
				GCC_WARN_UNUSED_VARIABLE = YES;
				IPHONEOS_DEPLOYMENT_TARGET = 15.0;
				MTL_ENABLE_DEBUG_INFO = NO;
				MTL_FAST_MATH = YES;
				SDKROOT = iphoneos;
				SWIFT_COMPILATION_MODE = wholemodule;
				SWIFT_OPTIMIZATION_LEVEL = "-O";
				VALIDATE_PRODUCT = YES;
			};
			name = Release;
		};
		4DA9A27D2748F00100070A45 /* Debug */ = {
			isa = XCBuildConfiguration;
			baseConfigurationReference = 395C18DD252AC5FFE5A3E8AD /* Pods-007-011_2021.debug.xcconfig */;
			buildSettings = {
				ASSETCATALOG_COMPILER_APPICON_NAME = AppIcon;
				ASSETCATALOG_COMPILER_GLOBAL_ACCENT_COLOR_NAME = AccentColor;
				CODE_SIGN_STYLE = Automatic;
				CURRENT_PROJECT_VERSION = 1;
				DEVELOPMENT_TEAM = 939KD425D9;
				GENERATE_INFOPLIST_FILE = YES;
				INFOPLIST_FILE = "007-011_2021/Info.plist";
				INFOPLIST_KEY_UIApplicationSupportsIndirectInputEvents = YES;
				INFOPLIST_KEY_UILaunchStoryboardName = LaunchScreen;
				INFOPLIST_KEY_UIMainStoryboardFile = Main;
				INFOPLIST_KEY_UISupportedInterfaceOrientations_iPad = "UIInterfaceOrientationPortrait UIInterfaceOrientationPortraitUpsideDown UIInterfaceOrientationLandscapeLeft UIInterfaceOrientationLandscapeRight";
				INFOPLIST_KEY_UISupportedInterfaceOrientations_iPhone = "UIInterfaceOrientationPortrait UIInterfaceOrientationLandscapeLeft UIInterfaceOrientationLandscapeRight";
				LD_RUNPATH_SEARCH_PATHS = (
					"$(inherited)",
					"@executable_path/Frameworks",
				);
				MARKETING_VERSION = 1.0;
				PRODUCT_BUNDLE_IDENTIFIER = "com.itis.-07-011-2021";
				PRODUCT_NAME = "$(TARGET_NAME)";
				SWIFT_EMIT_LOC_STRINGS = YES;
				SWIFT_VERSION = 5.0;
				TARGETED_DEVICE_FAMILY = "1,2";
			};
			name = Debug;
		};
		4DA9A27E2748F00100070A45 /* Release */ = {
			isa = XCBuildConfiguration;
			baseConfigurationReference = B4D954E6DDC14FB14FF58A21 /* Pods-007-011_2021.release.xcconfig */;
			buildSettings = {
				ASSETCATALOG_COMPILER_APPICON_NAME = AppIcon;
				ASSETCATALOG_COMPILER_GLOBAL_ACCENT_COLOR_NAME = AccentColor;
				CODE_SIGN_STYLE = Automatic;
				CURRENT_PROJECT_VERSION = 1;
				DEVELOPMENT_TEAM = 939KD425D9;
				GENERATE_INFOPLIST_FILE = YES;
				INFOPLIST_FILE = "007-011_2021/Info.plist";
				INFOPLIST_KEY_UIApplicationSupportsIndirectInputEvents = YES;
				INFOPLIST_KEY_UILaunchStoryboardName = LaunchScreen;
				INFOPLIST_KEY_UIMainStoryboardFile = Main;
				INFOPLIST_KEY_UISupportedInterfaceOrientations_iPad = "UIInterfaceOrientationPortrait UIInterfaceOrientationPortraitUpsideDown UIInterfaceOrientationLandscapeLeft UIInterfaceOrientationLandscapeRight";
				INFOPLIST_KEY_UISupportedInterfaceOrientations_iPhone = "UIInterfaceOrientationPortrait UIInterfaceOrientationLandscapeLeft UIInterfaceOrientationLandscapeRight";
				LD_RUNPATH_SEARCH_PATHS = (
					"$(inherited)",
					"@executable_path/Frameworks",
				);
				MARKETING_VERSION = 1.0;
				PRODUCT_BUNDLE_IDENTIFIER = "com.itis.-07-011-2021";
				PRODUCT_NAME = "$(TARGET_NAME)";
				SWIFT_EMIT_LOC_STRINGS = YES;
				SWIFT_VERSION = 5.0;
				TARGETED_DEVICE_FAMILY = "1,2";
			};
			name = Release;
		};
/* End XCBuildConfiguration section */

/* Begin XCConfigurationList section */
		4DA9A2632748EFFF00070A45 /* Build configuration list for PBXProject "007-011_2021" */ = {
			isa = XCConfigurationList;
			buildConfigurations = (
				4DA9A27A2748F00100070A45 /* Debug */,
				4DA9A27B2748F00100070A45 /* Release */,
			);
			defaultConfigurationIsVisible = 0;
			defaultConfigurationName = Release;
		};
		4DA9A27C2748F00100070A45 /* Build configuration list for PBXNativeTarget "007-011_2021" */ = {
			isa = XCConfigurationList;
			buildConfigurations = (
				4DA9A27D2748F00100070A45 /* Debug */,
				4DA9A27E2748F00100070A45 /* Release */,
			);
			defaultConfigurationIsVisible = 0;
			defaultConfigurationName = Release;
		};
/* End XCConfigurationList section */

/* Begin XCVersionGroup section */
		0401CB76276F65350044223E /* 007-011_2021.xcdatamodeld */ = {
			isa = XCVersionGroup;
			children = (
				0401CB77276F65350044223E /* 007-011_2021.xcdatamodel */,
			);
			currentVersion = 0401CB77276F65350044223E /* 007-011_2021.xcdatamodel */;
			path = "007-011_2021.xcdatamodeld";
			sourceTree = "<group>";
			versionGroupType = wrapper.xcdatamodel;
		};
/* End XCVersionGroup section */
	};
	rootObject = 4DA9A2602748EFFF00070A45 /* Project object */;
}
